// !$*UTF8*$!
{
	archiveVersion = 1;
	classes = {
	};
	objectVersion = 46;
	objects = {

/* Begin PBXBuildFile section */
		12A37A1D263E4F5600ECA713 /* libPods-solxr.a in Frameworks */ = {isa = PBXBuildFile; fileRef = 12A37A1C263E4F5600ECA713 /* libPods-solxr.a */; };
		13B07FBC1A68108700A75B9A /* AppDelegate.m in Sources */ = {isa = PBXBuildFile; fileRef = 13B07FB01A68108700A75B9A /* AppDelegate.m */; };
		13B07FBD1A68108700A75B9A /* LaunchScreen.xib in Resources */ = {isa = PBXBuildFile; fileRef = 13B07FB11A68108700A75B9A /* LaunchScreen.xib */; };
		13B07FBF1A68108700A75B9A /* Images.xcassets in Resources */ = {isa = PBXBuildFile; fileRef = 13B07FB51A68108700A75B9A /* Images.xcassets */; };
		13B07FC11A68108700A75B9A /* main.m in Sources */ = {isa = PBXBuildFile; fileRef = 13B07FB71A68108700A75B9A /* main.m */; };
		3E461D99554A48A4959DE609 /* SplashScreen.storyboard in Resources */ = {isa = PBXBuildFile; fileRef = AA286B85B6C04FC6940260E9 /* SplashScreen.storyboard */; };
		BB2F792D24A3F905000567C9 /* Expo.plist in Resources */ = {isa = PBXBuildFile; fileRef = BB2F792C24A3F905000567C9 /* Expo.plist */; };
		DF5B507697B8490E8076FDDC /* OpenDyslexic-Bold.otf in Resources */ = {isa = PBXBuildFile; fileRef = EC9BC5FBEDE64DB4BECB4C06 /* OpenDyslexic-Bold.otf */; };
		BD0976ABBE934EA4B52C4A2D /* OpenDyslexic-BoldItalic.otf in Resources */ = {isa = PBXBuildFile; fileRef = C84D0074442647E4878CD21D /* OpenDyslexic-BoldItalic.otf */; };
		566A1DC8BF7B4D158B187B16 /* OpenDyslexic-Italic.otf in Resources */ = {isa = PBXBuildFile; fileRef = DD39366F320F4E5EA49643CB /* OpenDyslexic-Italic.otf */; };
		328ADDFC22C34727B26DC935 /* OpenDyslexic-Regular.otf in Resources */ = {isa = PBXBuildFile; fileRef = E4F2FC3676C849879DB8F4AC /* OpenDyslexic-Regular.otf */; };
		328F2F1D32634B529FBB835E /* Titillium-Black.otf in Resources */ = {isa = PBXBuildFile; fileRef = B81833E42FC4485FAC1381D7 /* Titillium-Black.otf */; };
		DEE73FB16BE6406EBA1DB20C /* Titillium-Bold.otf in Resources */ = {isa = PBXBuildFile; fileRef = 433A5BB4822243DE897047BC /* Titillium-Bold.otf */; };
		383A6D8A50F84F14A99BD4FD /* Titillium-BoldItalic.otf in Resources */ = {isa = PBXBuildFile; fileRef = 085FA26B167B46909E5DD3FA /* Titillium-BoldItalic.otf */; };
		C465770993104DEF8FDFF381 /* Titillium-BoldUpright.otf in Resources */ = {isa = PBXBuildFile; fileRef = AF1C1DE3D54844E8998A7471 /* Titillium-BoldUpright.otf */; };
		29721CDB54194CD0B8C5FC66 /* Titillium-Light.otf in Resources */ = {isa = PBXBuildFile; fileRef = 1534683D27184942B09C6D4B /* Titillium-Light.otf */; };
		ABE0A5BE99D443049F2589CA /* Titillium-LightItalic.otf in Resources */ = {isa = PBXBuildFile; fileRef = B4140B92B1344672BC350D2B /* Titillium-LightItalic.otf */; };
		659C564096244293A1A4CFC0 /* Titillium-LightUpright.otf in Resources */ = {isa = PBXBuildFile; fileRef = 1A8429C31F51420E83FB73A0 /* Titillium-LightUpright.otf */; };
		BFCBC22EACAE49B394FC521F /* Titillium-Regular.otf in Resources */ = {isa = PBXBuildFile; fileRef = 0D5A2C4C4E414804852A588D /* Titillium-Regular.otf */; };
		8EC68790A759426E9754D8C4 /* Titillium-RegularItalic.otf in Resources */ = {isa = PBXBuildFile; fileRef = 6DBC31E7384042E9B67EF76B /* Titillium-RegularItalic.otf */; };
		955A42D406BF4AC9B1623014 /* Titillium-RegularUpright.otf in Resources */ = {isa = PBXBuildFile; fileRef = B8E42C91D5964CB881D60019 /* Titillium-RegularUpright.otf */; };
		BA8A97411F814669858771BC /* Titillium-Semibold.otf in Resources */ = {isa = PBXBuildFile; fileRef = 5822F70FAB7F4C2B937B98C9 /* Titillium-Semibold.otf */; };
		F61B11F4EF894EA18524B4F8 /* Titillium-SemiboldItalic.otf in Resources */ = {isa = PBXBuildFile; fileRef = 132D6AC8F5424BFBA7BD9A67 /* Titillium-SemiboldItalic.otf */; };
		2D3596A087584F9B9CF2C153 /* Titillium-SemiboldUpright.otf in Resources */ = {isa = PBXBuildFile; fileRef = AB91E011A84A4D369CE19AB2 /* Titillium-SemiboldUpright.otf */; };
		317BC7AA00F94B23941A6047 /* Titillium-Thin.otf in Resources */ = {isa = PBXBuildFile; fileRef = 1E603D2C26374B51926F0630 /* Titillium-Thin.otf */; };
		75CA692CA6724A2D8686E1C7 /* Titillium-ThinItalic.otf in Resources */ = {isa = PBXBuildFile; fileRef = B8DED8D66A9E4910A9116FC9 /* Titillium-ThinItalic.otf */; };
		8C5B29BFD15544A5B180CB49 /* Titillium-ThinUpright.otf in Resources */ = {isa = PBXBuildFile; fileRef = 97702322E295417A90D7842C /* Titillium-ThinUpright.otf */; };
		03BE9A28A4DA4C32950C183C /* AntDesign.ttf in Resources */ = {isa = PBXBuildFile; fileRef = 627CE602F7244A43AF1D570D /* AntDesign.ttf */; };
		30273A6A43E5427ABC7E560E /* Entypo.ttf in Resources */ = {isa = PBXBuildFile; fileRef = B0534764524144B08E2E94B9 /* Entypo.ttf */; };
		011DA5FC029E4A05B8DEBD2B /* EvilIcons.ttf in Resources */ = {isa = PBXBuildFile; fileRef = CBF787BFF91C4549A26C8765 /* EvilIcons.ttf */; };
		015CDB8782FC4626A4C31420 /* Feather.ttf in Resources */ = {isa = PBXBuildFile; fileRef = 39EEBF7B8CDC41B69645C843 /* Feather.ttf */; };
		8D8848283E564CC194FA0BFE /* FontAwesome.ttf in Resources */ = {isa = PBXBuildFile; fileRef = F374218F9FA547A6B7FAE0E1 /* FontAwesome.ttf */; };
		11823139E6B3455BB300D948 /* FontAwesome5_Brands.ttf in Resources */ = {isa = PBXBuildFile; fileRef = 4F2DDA363E404126BE888B34 /* FontAwesome5_Brands.ttf */; };
		0DF6BB67B9474228A9219169 /* FontAwesome5_Regular.ttf in Resources */ = {isa = PBXBuildFile; fileRef = BD6D56359A2D40A798D6F284 /* FontAwesome5_Regular.ttf */; };
		B86B07B77BF94CECBD324CB9 /* FontAwesome5_Solid.ttf in Resources */ = {isa = PBXBuildFile; fileRef = C85C7C8C97EF436297121533 /* FontAwesome5_Solid.ttf */; };
		C5F20D8CF9BF411F82BB3C8A /* Fontisto.ttf in Resources */ = {isa = PBXBuildFile; fileRef = 17A20101956E42F0BE6AE3C6 /* Fontisto.ttf */; };
		4AA23F892D4C44958F293885 /* Foundation.ttf in Resources */ = {isa = PBXBuildFile; fileRef = 7AC58269D7224386AB492888 /* Foundation.ttf */; };
		27CAD09296A645F1AE6FB982 /* Ionicons.ttf in Resources */ = {isa = PBXBuildFile; fileRef = C1EADB1B9CEB4559A01F78F0 /* Ionicons.ttf */; };
		5F96970E2C4C4DDCBC715DFA /* MaterialCommunityIcons.ttf in Resources */ = {isa = PBXBuildFile; fileRef = 65F9ACBBE60641C98E43D6D4 /* MaterialCommunityIcons.ttf */; };
		A2BC5DC2D76D4D7B89EB6A64 /* MaterialIcons.ttf in Resources */ = {isa = PBXBuildFile; fileRef = 02D423FB4BA44F97B1BDCD8E /* MaterialIcons.ttf */; };
		CD3431FD46D74664920B8B51 /* Octicons.ttf in Resources */ = {isa = PBXBuildFile; fileRef = 229CAD301CE8436290A06A07 /* Octicons.ttf */; };
		A7D9163854EE4D5C97122F37 /* SimpleLineIcons.ttf in Resources */ = {isa = PBXBuildFile; fileRef = 86C59CEC1DD44150BC70FCC8 /* SimpleLineIcons.ttf */; };
		5007C041480B40D5A9B6D9B0 /* Zocial.ttf in Resources */ = {isa = PBXBuildFile; fileRef = 68AEE0D0D17442D79B0877AA /* Zocial.ttf */; };
/* End PBXBuildFile section */

/* Begin PBXFileReference section */
		008F07F21AC5B25A0029DE68 /* main.jsbundle */ = {isa = PBXFileReference; fileEncoding = 4; lastKnownFileType = text; path = main.jsbundle; sourceTree = "<group>"; };
		12A37A1C263E4F5600ECA713 /* libPods-solxr.a */ = {isa = PBXFileReference; explicitFileType = archive.ar; path = "libPods-solxr.a"; sourceTree = BUILT_PRODUCTS_DIR; };
		13B07F961A680F5B00A75B9A /* solxr.app */ = {isa = PBXFileReference; explicitFileType = wrapper.application; includeInIndex = 0; path = solxr.app; sourceTree = BUILT_PRODUCTS_DIR; };
		13B07FAF1A68108700A75B9A /* AppDelegate.h */ = {isa = PBXFileReference; fileEncoding = 4; lastKnownFileType = sourcecode.c.h; name = AppDelegate.h; path = solxr/AppDelegate.h; sourceTree = "<group>"; };
		13B07FB01A68108700A75B9A /* AppDelegate.m */ = {isa = PBXFileReference; fileEncoding = 4; lastKnownFileType = sourcecode.c.objc; name = AppDelegate.m; path = solxr/AppDelegate.m; sourceTree = "<group>"; };
		13B07FB21A68108700A75B9A /* Base */ = {isa = PBXFileReference; lastKnownFileType = file.xib; name = Base; path = Base.lproj/LaunchScreen.xib; sourceTree = "<group>"; };
		13B07FB51A68108700A75B9A /* Images.xcassets */ = {isa = PBXFileReference; lastKnownFileType = folder.assetcatalog; name = Images.xcassets; path = solxr/Images.xcassets; sourceTree = "<group>"; };
		13B07FB61A68108700A75B9A /* Info.plist */ = {isa = PBXFileReference; fileEncoding = 4; lastKnownFileType = text.plist.xml; name = Info.plist; path = solxr/Info.plist; sourceTree = "<group>"; };
		13B07FB71A68108700A75B9A /* main.m */ = {isa = PBXFileReference; fileEncoding = 4; lastKnownFileType = sourcecode.c.objc; name = main.m; path = solxr/main.m; sourceTree = "<group>"; };
		58EEBF8E8E6FB1BC6CAF49B5 /* libPods-solxr.a */ = {isa = PBXFileReference; explicitFileType = archive.ar; includeInIndex = 0; path = "libPods-solxr.a"; sourceTree = BUILT_PRODUCTS_DIR; };
		6C2E3173556A471DD304B334 /* Pods-solxr.debug.xcconfig */ = {isa = PBXFileReference; includeInIndex = 1; lastKnownFileType = text.xcconfig; name = "Pods-solxr.debug.xcconfig"; path = "Target Support Files/Pods-solxr/Pods-solxr.debug.xcconfig"; sourceTree = "<group>"; };
		7A4D352CD337FB3A3BF06240 /* Pods-solxr.release.xcconfig */ = {isa = PBXFileReference; includeInIndex = 1; lastKnownFileType = text.xcconfig; name = "Pods-solxr.release.xcconfig"; path = "Target Support Files/Pods-solxr/Pods-solxr.release.xcconfig"; sourceTree = "<group>"; };
		AA286B85B6C04FC6940260E9 /* SplashScreen.storyboard */ = {isa = PBXFileReference; fileEncoding = 4; lastKnownFileType = file.storyboard; name = SplashScreen.storyboard; path = solxr/SplashScreen.storyboard; sourceTree = "<group>"; };
		BB2F792C24A3F905000567C9 /* Expo.plist */ = {isa = PBXFileReference; fileEncoding = 4; lastKnownFileType = text.plist.xml; path = Expo.plist; sourceTree = "<group>"; };
		ED297162215061F000B7C4FE /* JavaScriptCore.framework */ = {isa = PBXFileReference; lastKnownFileType = wrapper.framework; name = JavaScriptCore.framework; path = System/Library/Frameworks/JavaScriptCore.framework; sourceTree = SDKROOT; };
		ED2971642150620600B7C4FE /* JavaScriptCore.framework */ = {isa = PBXFileReference; lastKnownFileType = wrapper.framework; name = JavaScriptCore.framework; path = Platforms/AppleTVOS.platform/Developer/SDKs/AppleTVOS12.0.sdk/System/Library/Frameworks/JavaScriptCore.framework; sourceTree = DEVELOPER_DIR; };
		EC9BC5FBEDE64DB4BECB4C06 /* OpenDyslexic-Bold.otf */ = {isa = PBXFileReference; name = "OpenDyslexic-Bold.otf"; path = "../assets/fonts/OpenDyslexic2 (Windows, MacOS, Linux OTF)/OpenDyslexic-Bold.otf"; sourceTree = "<group>"; fileEncoding = undefined; lastKnownFileType = unknown; explicitFileType = undefined; includeInIndex = 0; };
		C84D0074442647E4878CD21D /* OpenDyslexic-BoldItalic.otf */ = {isa = PBXFileReference; name = "OpenDyslexic-BoldItalic.otf"; path = "../assets/fonts/OpenDyslexic2 (Windows, MacOS, Linux OTF)/OpenDyslexic-BoldItalic.otf"; sourceTree = "<group>"; fileEncoding = undefined; lastKnownFileType = unknown; explicitFileType = undefined; includeInIndex = 0; };
		DD39366F320F4E5EA49643CB /* OpenDyslexic-Italic.otf */ = {isa = PBXFileReference; name = "OpenDyslexic-Italic.otf"; path = "../assets/fonts/OpenDyslexic2 (Windows, MacOS, Linux OTF)/OpenDyslexic-Italic.otf"; sourceTree = "<group>"; fileEncoding = undefined; lastKnownFileType = unknown; explicitFileType = undefined; includeInIndex = 0; };
		E4F2FC3676C849879DB8F4AC /* OpenDyslexic-Regular.otf */ = {isa = PBXFileReference; name = "OpenDyslexic-Regular.otf"; path = "../assets/fonts/OpenDyslexic2 (Windows, MacOS, Linux OTF)/OpenDyslexic-Regular.otf"; sourceTree = "<group>"; fileEncoding = undefined; lastKnownFileType = unknown; explicitFileType = undefined; includeInIndex = 0; };
		B81833E42FC4485FAC1381D7 /* Titillium-Black.otf */ = {isa = PBXFileReference; name = "Titillium-Black.otf"; path = "../assets/fonts/Titillium/Titillium-Black.otf"; sourceTree = "<group>"; fileEncoding = undefined; lastKnownFileType = unknown; explicitFileType = undefined; includeInIndex = 0; };
		433A5BB4822243DE897047BC /* Titillium-Bold.otf */ = {isa = PBXFileReference; name = "Titillium-Bold.otf"; path = "../assets/fonts/Titillium/Titillium-Bold.otf"; sourceTree = "<group>"; fileEncoding = undefined; lastKnownFileType = unknown; explicitFileType = undefined; includeInIndex = 0; };
		085FA26B167B46909E5DD3FA /* Titillium-BoldItalic.otf */ = {isa = PBXFileReference; name = "Titillium-BoldItalic.otf"; path = "../assets/fonts/Titillium/Titillium-BoldItalic.otf"; sourceTree = "<group>"; fileEncoding = undefined; lastKnownFileType = unknown; explicitFileType = undefined; includeInIndex = 0; };
		AF1C1DE3D54844E8998A7471 /* Titillium-BoldUpright.otf */ = {isa = PBXFileReference; name = "Titillium-BoldUpright.otf"; path = "../assets/fonts/Titillium/Titillium-BoldUpright.otf"; sourceTree = "<group>"; fileEncoding = undefined; lastKnownFileType = unknown; explicitFileType = undefined; includeInIndex = 0; };
		1534683D27184942B09C6D4B /* Titillium-Light.otf */ = {isa = PBXFileReference; name = "Titillium-Light.otf"; path = "../assets/fonts/Titillium/Titillium-Light.otf"; sourceTree = "<group>"; fileEncoding = undefined; lastKnownFileType = unknown; explicitFileType = undefined; includeInIndex = 0; };
		B4140B92B1344672BC350D2B /* Titillium-LightItalic.otf */ = {isa = PBXFileReference; name = "Titillium-LightItalic.otf"; path = "../assets/fonts/Titillium/Titillium-LightItalic.otf"; sourceTree = "<group>"; fileEncoding = undefined; lastKnownFileType = unknown; explicitFileType = undefined; includeInIndex = 0; };
		1A8429C31F51420E83FB73A0 /* Titillium-LightUpright.otf */ = {isa = PBXFileReference; name = "Titillium-LightUpright.otf"; path = "../assets/fonts/Titillium/Titillium-LightUpright.otf"; sourceTree = "<group>"; fileEncoding = undefined; lastKnownFileType = unknown; explicitFileType = undefined; includeInIndex = 0; };
		0D5A2C4C4E414804852A588D /* Titillium-Regular.otf */ = {isa = PBXFileReference; name = "Titillium-Regular.otf"; path = "../assets/fonts/Titillium/Titillium-Regular.otf"; sourceTree = "<group>"; fileEncoding = undefined; lastKnownFileType = unknown; explicitFileType = undefined; includeInIndex = 0; };
		6DBC31E7384042E9B67EF76B /* Titillium-RegularItalic.otf */ = {isa = PBXFileReference; name = "Titillium-RegularItalic.otf"; path = "../assets/fonts/Titillium/Titillium-RegularItalic.otf"; sourceTree = "<group>"; fileEncoding = undefined; lastKnownFileType = unknown; explicitFileType = undefined; includeInIndex = 0; };
		B8E42C91D5964CB881D60019 /* Titillium-RegularUpright.otf */ = {isa = PBXFileReference; name = "Titillium-RegularUpright.otf"; path = "../assets/fonts/Titillium/Titillium-RegularUpright.otf"; sourceTree = "<group>"; fileEncoding = undefined; lastKnownFileType = unknown; explicitFileType = undefined; includeInIndex = 0; };
		5822F70FAB7F4C2B937B98C9 /* Titillium-Semibold.otf */ = {isa = PBXFileReference; name = "Titillium-Semibold.otf"; path = "../assets/fonts/Titillium/Titillium-Semibold.otf"; sourceTree = "<group>"; fileEncoding = undefined; lastKnownFileType = unknown; explicitFileType = undefined; includeInIndex = 0; };
		132D6AC8F5424BFBA7BD9A67 /* Titillium-SemiboldItalic.otf */ = {isa = PBXFileReference; name = "Titillium-SemiboldItalic.otf"; path = "../assets/fonts/Titillium/Titillium-SemiboldItalic.otf"; sourceTree = "<group>"; fileEncoding = undefined; lastKnownFileType = unknown; explicitFileType = undefined; includeInIndex = 0; };
		AB91E011A84A4D369CE19AB2 /* Titillium-SemiboldUpright.otf */ = {isa = PBXFileReference; name = "Titillium-SemiboldUpright.otf"; path = "../assets/fonts/Titillium/Titillium-SemiboldUpright.otf"; sourceTree = "<group>"; fileEncoding = undefined; lastKnownFileType = unknown; explicitFileType = undefined; includeInIndex = 0; };
		1E603D2C26374B51926F0630 /* Titillium-Thin.otf */ = {isa = PBXFileReference; name = "Titillium-Thin.otf"; path = "../assets/fonts/Titillium/Titillium-Thin.otf"; sourceTree = "<group>"; fileEncoding = undefined; lastKnownFileType = unknown; explicitFileType = undefined; includeInIndex = 0; };
		B8DED8D66A9E4910A9116FC9 /* Titillium-ThinItalic.otf */ = {isa = PBXFileReference; name = "Titillium-ThinItalic.otf"; path = "../assets/fonts/Titillium/Titillium-ThinItalic.otf"; sourceTree = "<group>"; fileEncoding = undefined; lastKnownFileType = unknown; explicitFileType = undefined; includeInIndex = 0; };
		97702322E295417A90D7842C /* Titillium-ThinUpright.otf */ = {isa = PBXFileReference; name = "Titillium-ThinUpright.otf"; path = "../assets/fonts/Titillium/Titillium-ThinUpright.otf"; sourceTree = "<group>"; fileEncoding = undefined; lastKnownFileType = unknown; explicitFileType = undefined; includeInIndex = 0; };
		627CE602F7244A43AF1D570D /* AntDesign.ttf */ = {isa = PBXFileReference; name = "AntDesign.ttf"; path = "../node_modules/react-native-vector-icons/Fonts/AntDesign.ttf"; sourceTree = "<group>"; fileEncoding = undefined; lastKnownFileType = unknown; explicitFileType = undefined; includeInIndex = 0; };
		B0534764524144B08E2E94B9 /* Entypo.ttf */ = {isa = PBXFileReference; name = "Entypo.ttf"; path = "../node_modules/react-native-vector-icons/Fonts/Entypo.ttf"; sourceTree = "<group>"; fileEncoding = undefined; lastKnownFileType = unknown; explicitFileType = undefined; includeInIndex = 0; };
		CBF787BFF91C4549A26C8765 /* EvilIcons.ttf */ = {isa = PBXFileReference; name = "EvilIcons.ttf"; path = "../node_modules/react-native-vector-icons/Fonts/EvilIcons.ttf"; sourceTree = "<group>"; fileEncoding = undefined; lastKnownFileType = unknown; explicitFileType = undefined; includeInIndex = 0; };
		39EEBF7B8CDC41B69645C843 /* Feather.ttf */ = {isa = PBXFileReference; name = "Feather.ttf"; path = "../node_modules/react-native-vector-icons/Fonts/Feather.ttf"; sourceTree = "<group>"; fileEncoding = undefined; lastKnownFileType = unknown; explicitFileType = undefined; includeInIndex = 0; };
		F374218F9FA547A6B7FAE0E1 /* FontAwesome.ttf */ = {isa = PBXFileReference; name = "FontAwesome.ttf"; path = "../node_modules/react-native-vector-icons/Fonts/FontAwesome.ttf"; sourceTree = "<group>"; fileEncoding = undefined; lastKnownFileType = unknown; explicitFileType = undefined; includeInIndex = 0; };
		4F2DDA363E404126BE888B34 /* FontAwesome5_Brands.ttf */ = {isa = PBXFileReference; name = "FontAwesome5_Brands.ttf"; path = "../node_modules/react-native-vector-icons/Fonts/FontAwesome5_Brands.ttf"; sourceTree = "<group>"; fileEncoding = undefined; lastKnownFileType = unknown; explicitFileType = undefined; includeInIndex = 0; };
		BD6D56359A2D40A798D6F284 /* FontAwesome5_Regular.ttf */ = {isa = PBXFileReference; name = "FontAwesome5_Regular.ttf"; path = "../node_modules/react-native-vector-icons/Fonts/FontAwesome5_Regular.ttf"; sourceTree = "<group>"; fileEncoding = undefined; lastKnownFileType = unknown; explicitFileType = undefined; includeInIndex = 0; };
		C85C7C8C97EF436297121533 /* FontAwesome5_Solid.ttf */ = {isa = PBXFileReference; name = "FontAwesome5_Solid.ttf"; path = "../node_modules/react-native-vector-icons/Fonts/FontAwesome5_Solid.ttf"; sourceTree = "<group>"; fileEncoding = undefined; lastKnownFileType = unknown; explicitFileType = undefined; includeInIndex = 0; };
		17A20101956E42F0BE6AE3C6 /* Fontisto.ttf */ = {isa = PBXFileReference; name = "Fontisto.ttf"; path = "../node_modules/react-native-vector-icons/Fonts/Fontisto.ttf"; sourceTree = "<group>"; fileEncoding = undefined; lastKnownFileType = unknown; explicitFileType = undefined; includeInIndex = 0; };
		7AC58269D7224386AB492888 /* Foundation.ttf */ = {isa = PBXFileReference; name = "Foundation.ttf"; path = "../node_modules/react-native-vector-icons/Fonts/Foundation.ttf"; sourceTree = "<group>"; fileEncoding = undefined; lastKnownFileType = unknown; explicitFileType = undefined; includeInIndex = 0; };
		C1EADB1B9CEB4559A01F78F0 /* Ionicons.ttf */ = {isa = PBXFileReference; name = "Ionicons.ttf"; path = "../node_modules/react-native-vector-icons/Fonts/Ionicons.ttf"; sourceTree = "<group>"; fileEncoding = undefined; lastKnownFileType = unknown; explicitFileType = undefined; includeInIndex = 0; };
		65F9ACBBE60641C98E43D6D4 /* MaterialCommunityIcons.ttf */ = {isa = PBXFileReference; name = "MaterialCommunityIcons.ttf"; path = "../node_modules/react-native-vector-icons/Fonts/MaterialCommunityIcons.ttf"; sourceTree = "<group>"; fileEncoding = undefined; lastKnownFileType = unknown; explicitFileType = undefined; includeInIndex = 0; };
		02D423FB4BA44F97B1BDCD8E /* MaterialIcons.ttf */ = {isa = PBXFileReference; name = "MaterialIcons.ttf"; path = "../node_modules/react-native-vector-icons/Fonts/MaterialIcons.ttf"; sourceTree = "<group>"; fileEncoding = undefined; lastKnownFileType = unknown; explicitFileType = undefined; includeInIndex = 0; };
		229CAD301CE8436290A06A07 /* Octicons.ttf */ = {isa = PBXFileReference; name = "Octicons.ttf"; path = "../node_modules/react-native-vector-icons/Fonts/Octicons.ttf"; sourceTree = "<group>"; fileEncoding = undefined; lastKnownFileType = unknown; explicitFileType = undefined; includeInIndex = 0; };
		86C59CEC1DD44150BC70FCC8 /* SimpleLineIcons.ttf */ = {isa = PBXFileReference; name = "SimpleLineIcons.ttf"; path = "../node_modules/react-native-vector-icons/Fonts/SimpleLineIcons.ttf"; sourceTree = "<group>"; fileEncoding = undefined; lastKnownFileType = unknown; explicitFileType = undefined; includeInIndex = 0; };
		68AEE0D0D17442D79B0877AA /* Zocial.ttf */ = {isa = PBXFileReference; name = "Zocial.ttf"; path = "../node_modules/react-native-vector-icons/Fonts/Zocial.ttf"; sourceTree = "<group>"; fileEncoding = undefined; lastKnownFileType = unknown; explicitFileType = undefined; includeInIndex = 0; };
/* End PBXFileReference section */

/* Begin PBXFrameworksBuildPhase section */
		13B07F8C1A680F5B00A75B9A /* Frameworks */ = {
			isa = PBXFrameworksBuildPhase;
			buildActionMask = 2147483647;
			files = (
				12A37A1D263E4F5600ECA713 /* libPods-solxr.a in Frameworks */,
			);
			runOnlyForDeploymentPostprocessing = 0;
		};
/* End PBXFrameworksBuildPhase section */

/* Begin PBXGroup section */
		13B07FAE1A68108700A75B9A /* solxr */ = {
			isa = PBXGroup;
			children = (
				BB2F792B24A3F905000567C9 /* Supporting */,
				008F07F21AC5B25A0029DE68 /* main.jsbundle */,
				13B07FAF1A68108700A75B9A /* AppDelegate.h */,
				13B07FB01A68108700A75B9A /* AppDelegate.m */,
				13B07FB51A68108700A75B9A /* Images.xcassets */,
				13B07FB61A68108700A75B9A /* Info.plist */,
				13B07FB11A68108700A75B9A /* LaunchScreen.xib */,
				13B07FB71A68108700A75B9A /* main.m */,
				AA286B85B6C04FC6940260E9 /* SplashScreen.storyboard */,
			);
			name = solxr;
			sourceTree = "<group>";
		};
		2D16E6871FA4F8E400B85C8A /* Frameworks */ = {
			isa = PBXGroup;
			children = (
				12A37A1C263E4F5600ECA713 /* libPods-solxr.a */,
				ED297162215061F000B7C4FE /* JavaScriptCore.framework */,
				ED2971642150620600B7C4FE /* JavaScriptCore.framework */,
				58EEBF8E8E6FB1BC6CAF49B5 /* libPods-solxr.a */,
			);
			name = Frameworks;
			sourceTree = "<group>";
		};
		832341AE1AAA6A7D00B99B32 /* Libraries */ = {
			isa = PBXGroup;
			children = (
			);
			name = Libraries;
			sourceTree = "<group>";
		};
		83CBB9F61A601CBA00E9B192 = {
			isa = PBXGroup;
			children = (
				13B07FAE1A68108700A75B9A /* solxr */,
				832341AE1AAA6A7D00B99B32 /* Libraries */,
				83CBBA001A601CBA00E9B192 /* Products */,
				2D16E6871FA4F8E400B85C8A /* Frameworks */,
				D65327D7A22EEC0BE12398D9 /* Pods */,
				39684D074AB34EC8B8B77ED5 /* Resources */,
			);
			indentWidth = 2;
			sourceTree = "<group>";
			tabWidth = 2;
			usesTabs = 0;
		};
		83CBBA001A601CBA00E9B192 /* Products */ = {
			isa = PBXGroup;
			children = (
				13B07F961A680F5B00A75B9A /* solxr.app */,
			);
			name = Products;
			sourceTree = "<group>";
		};
		BB2F792B24A3F905000567C9 /* Supporting */ = {
			isa = PBXGroup;
			children = (
				BB2F792C24A3F905000567C9 /* Expo.plist */,
			);
			name = Supporting;
			path = solxr/Supporting;
			sourceTree = "<group>";
		};
		D65327D7A22EEC0BE12398D9 /* Pods */ = {
			isa = PBXGroup;
			children = (
				6C2E3173556A471DD304B334 /* Pods-solxr.debug.xcconfig */,
				7A4D352CD337FB3A3BF06240 /* Pods-solxr.release.xcconfig */,
			);
			path = Pods;
			sourceTree = "<group>";
		};
		39684D074AB34EC8B8B77ED5 /* Resources */ = {
			isa = "PBXGroup";
			children = (
				EC9BC5FBEDE64DB4BECB4C06 /* OpenDyslexic-Bold.otf */,
				C84D0074442647E4878CD21D /* OpenDyslexic-BoldItalic.otf */,
				DD39366F320F4E5EA49643CB /* OpenDyslexic-Italic.otf */,
				E4F2FC3676C849879DB8F4AC /* OpenDyslexic-Regular.otf */,
				B81833E42FC4485FAC1381D7 /* Titillium-Black.otf */,
				433A5BB4822243DE897047BC /* Titillium-Bold.otf */,
				085FA26B167B46909E5DD3FA /* Titillium-BoldItalic.otf */,
				AF1C1DE3D54844E8998A7471 /* Titillium-BoldUpright.otf */,
				1534683D27184942B09C6D4B /* Titillium-Light.otf */,
				B4140B92B1344672BC350D2B /* Titillium-LightItalic.otf */,
				1A8429C31F51420E83FB73A0 /* Titillium-LightUpright.otf */,
				0D5A2C4C4E414804852A588D /* Titillium-Regular.otf */,
				6DBC31E7384042E9B67EF76B /* Titillium-RegularItalic.otf */,
				B8E42C91D5964CB881D60019 /* Titillium-RegularUpright.otf */,
				5822F70FAB7F4C2B937B98C9 /* Titillium-Semibold.otf */,
				132D6AC8F5424BFBA7BD9A67 /* Titillium-SemiboldItalic.otf */,
				AB91E011A84A4D369CE19AB2 /* Titillium-SemiboldUpright.otf */,
				1E603D2C26374B51926F0630 /* Titillium-Thin.otf */,
				B8DED8D66A9E4910A9116FC9 /* Titillium-ThinItalic.otf */,
				97702322E295417A90D7842C /* Titillium-ThinUpright.otf */,
				627CE602F7244A43AF1D570D /* AntDesign.ttf */,
				B0534764524144B08E2E94B9 /* Entypo.ttf */,
				CBF787BFF91C4549A26C8765 /* EvilIcons.ttf */,
				39EEBF7B8CDC41B69645C843 /* Feather.ttf */,
				F374218F9FA547A6B7FAE0E1 /* FontAwesome.ttf */,
				4F2DDA363E404126BE888B34 /* FontAwesome5_Brands.ttf */,
				BD6D56359A2D40A798D6F284 /* FontAwesome5_Regular.ttf */,
				C85C7C8C97EF436297121533 /* FontAwesome5_Solid.ttf */,
				17A20101956E42F0BE6AE3C6 /* Fontisto.ttf */,
				7AC58269D7224386AB492888 /* Foundation.ttf */,
				C1EADB1B9CEB4559A01F78F0 /* Ionicons.ttf */,
				65F9ACBBE60641C98E43D6D4 /* MaterialCommunityIcons.ttf */,
				02D423FB4BA44F97B1BDCD8E /* MaterialIcons.ttf */,
				229CAD301CE8436290A06A07 /* Octicons.ttf */,
				86C59CEC1DD44150BC70FCC8 /* SimpleLineIcons.ttf */,
				68AEE0D0D17442D79B0877AA /* Zocial.ttf */,
			);
			name = Resources;
			sourceTree = "<group>";
			path = "";
		};
/* End PBXGroup section */

/* Begin PBXNativeTarget section */
		13B07F861A680F5B00A75B9A /* solxr */ = {
			isa = PBXNativeTarget;
			buildConfigurationList = 13B07F931A680F5B00A75B9A /* Build configuration list for PBXNativeTarget "solxr" */;
			buildPhases = (
				08A4A3CD28434E44B6B9DE2E /* [CP] Check Pods Manifest.lock */,
				FD10A7F022414F080027D42C /* Start Packager */,
				13B07F871A680F5B00A75B9A /* Sources */,
				13B07F8C1A680F5B00A75B9A /* Frameworks */,
				13B07F8E1A680F5B00A75B9A /* Resources */,
				00DD1BFF1BD5951E006B06BC /* Bundle React Native code and images */,
				800E24972A6A228C8D4807E9 /* [CP] Copy Pods Resources */,
				99911738BD963BDB62762897 /* [CP] Embed Pods Frameworks */,
			);
			buildRules = (
			);
			dependencies = (
			);
			name = solxr;
			productName = solxr;
			productReference = 13B07F961A680F5B00A75B9A /* solxr.app */;
			productType = "com.apple.product-type.application";
		};
/* End PBXNativeTarget section */

/* Begin PBXProject section */
		83CBB9F71A601CBA00E9B192 /* Project object */ = {
			isa = PBXProject;
			attributes = {
				LastUpgradeCheck = 1240;
				TargetAttributes = {
					13B07F861A680F5B00A75B9A = {
						DevelopmentTeam = 9Q2Z8XNFLD;
						LastSwiftMigration = 1120;
					};
				};
			};
			buildConfigurationList = 83CBB9FA1A601CBA00E9B192 /* Build configuration list for PBXProject "solxr" */;
			compatibilityVersion = "Xcode 3.2";
			developmentRegion = en;
			hasScannedForEncodings = 0;
			knownRegions = (
				en,
				Base,
			);
			mainGroup = 83CBB9F61A601CBA00E9B192;
			productRefGroup = 83CBBA001A601CBA00E9B192 /* Products */;
			projectDirPath = "";
			projectRoot = "";
			targets = (
				13B07F861A680F5B00A75B9A /* solxr */,
			);
		};
/* End PBXProject section */

/* Begin PBXResourcesBuildPhase section */
		13B07F8E1A680F5B00A75B9A /* Resources */ = {
			isa = PBXResourcesBuildPhase;
			buildActionMask = 2147483647;
			files = (
				BB2F792D24A3F905000567C9 /* Expo.plist in Resources */,
				13B07FBF1A68108700A75B9A /* Images.xcassets in Resources */,
				13B07FBD1A68108700A75B9A /* LaunchScreen.xib in Resources */,
				3E461D99554A48A4959DE609 /* SplashScreen.storyboard in Resources */,
				DF5B507697B8490E8076FDDC /* OpenDyslexic-Bold.otf in Resources */,
				BD0976ABBE934EA4B52C4A2D /* OpenDyslexic-BoldItalic.otf in Resources */,
				566A1DC8BF7B4D158B187B16 /* OpenDyslexic-Italic.otf in Resources */,
				328ADDFC22C34727B26DC935 /* OpenDyslexic-Regular.otf in Resources */,
				328F2F1D32634B529FBB835E /* Titillium-Black.otf in Resources */,
				DEE73FB16BE6406EBA1DB20C /* Titillium-Bold.otf in Resources */,
				383A6D8A50F84F14A99BD4FD /* Titillium-BoldItalic.otf in Resources */,
				C465770993104DEF8FDFF381 /* Titillium-BoldUpright.otf in Resources */,
				29721CDB54194CD0B8C5FC66 /* Titillium-Light.otf in Resources */,
				ABE0A5BE99D443049F2589CA /* Titillium-LightItalic.otf in Resources */,
				659C564096244293A1A4CFC0 /* Titillium-LightUpright.otf in Resources */,
				BFCBC22EACAE49B394FC521F /* Titillium-Regular.otf in Resources */,
				8EC68790A759426E9754D8C4 /* Titillium-RegularItalic.otf in Resources */,
				955A42D406BF4AC9B1623014 /* Titillium-RegularUpright.otf in Resources */,
				BA8A97411F814669858771BC /* Titillium-Semibold.otf in Resources */,
				F61B11F4EF894EA18524B4F8 /* Titillium-SemiboldItalic.otf in Resources */,
				2D3596A087584F9B9CF2C153 /* Titillium-SemiboldUpright.otf in Resources */,
				317BC7AA00F94B23941A6047 /* Titillium-Thin.otf in Resources */,
				75CA692CA6724A2D8686E1C7 /* Titillium-ThinItalic.otf in Resources */,
				8C5B29BFD15544A5B180CB49 /* Titillium-ThinUpright.otf in Resources */,
				03BE9A28A4DA4C32950C183C /* AntDesign.ttf in Resources */,
				30273A6A43E5427ABC7E560E /* Entypo.ttf in Resources */,
				011DA5FC029E4A05B8DEBD2B /* EvilIcons.ttf in Resources */,
				015CDB8782FC4626A4C31420 /* Feather.ttf in Resources */,
				8D8848283E564CC194FA0BFE /* FontAwesome.ttf in Resources */,
				11823139E6B3455BB300D948 /* FontAwesome5_Brands.ttf in Resources */,
				0DF6BB67B9474228A9219169 /* FontAwesome5_Regular.ttf in Resources */,
				B86B07B77BF94CECBD324CB9 /* FontAwesome5_Solid.ttf in Resources */,
				C5F20D8CF9BF411F82BB3C8A /* Fontisto.ttf in Resources */,
				4AA23F892D4C44958F293885 /* Foundation.ttf in Resources */,
				27CAD09296A645F1AE6FB982 /* Ionicons.ttf in Resources */,
				5F96970E2C4C4DDCBC715DFA /* MaterialCommunityIcons.ttf in Resources */,
				A2BC5DC2D76D4D7B89EB6A64 /* MaterialIcons.ttf in Resources */,
				CD3431FD46D74664920B8B51 /* Octicons.ttf in Resources */,
				A7D9163854EE4D5C97122F37 /* SimpleLineIcons.ttf in Resources */,
				5007C041480B40D5A9B6D9B0 /* Zocial.ttf in Resources */,
			);
			runOnlyForDeploymentPostprocessing = 0;
		};
/* End PBXResourcesBuildPhase section */

/* Begin PBXShellScriptBuildPhase section */
		00DD1BFF1BD5951E006B06BC /* Bundle React Native code and images */ = {
			isa = PBXShellScriptBuildPhase;
			buildActionMask = 2147483647;
			files = (
			);
			inputPaths = (
			);
			name = "Bundle React Native code and images";
			outputPaths = (
			);
			runOnlyForDeploymentPostprocessing = 0;
			shellPath = /bin/sh;
			shellScript = "export NODE_BINARY=node\n../node_modules/react-native/scripts/react-native-xcode.sh\n../node_modules/expo-constants/scripts/get-app-config-ios.sh\n../node_modules/expo-updates/scripts/create-manifest-ios.sh\n";
		};
		08A4A3CD28434E44B6B9DE2E /* [CP] Check Pods Manifest.lock */ = {
			isa = PBXShellScriptBuildPhase;
			buildActionMask = 2147483647;
			files = (
			);
			inputFileListPaths = (
			);
			inputPaths = (
				"${PODS_PODFILE_DIR_PATH}/Podfile.lock",
				"${PODS_ROOT}/Manifest.lock",
			);
			name = "[CP] Check Pods Manifest.lock";
			outputFileListPaths = (
			);
			outputPaths = (
				"$(DERIVED_FILE_DIR)/Pods-solxr-checkManifestLockResult.txt",
			);
			runOnlyForDeploymentPostprocessing = 0;
			shellPath = /bin/sh;
			shellScript = "diff \"${PODS_PODFILE_DIR_PATH}/Podfile.lock\" \"${PODS_ROOT}/Manifest.lock\" > /dev/null\nif [ $? != 0 ] ; then\n    # print error to STDERR\n    echo \"error: The sandbox is not in sync with the Podfile.lock. Run 'pod install' or update your CocoaPods installation.\" >&2\n    exit 1\nfi\n# This output is used by Xcode 'outputs' to avoid re-running this script phase.\necho \"SUCCESS\" > \"${SCRIPT_OUTPUT_FILE_0}\"\n";
			showEnvVarsInLog = 0;
		};
		800E24972A6A228C8D4807E9 /* [CP] Copy Pods Resources */ = {
			isa = PBXShellScriptBuildPhase;
			buildActionMask = 2147483647;
			files = (
			);
			inputPaths = (
				"${PODS_ROOT}/Target Support Files/Pods-solxr/Pods-solxr-resources.sh",
				"${PODS_ROOT}/../../node_modules/react-native-vector-icons/Fonts/AntDesign.ttf",
				"${PODS_ROOT}/../../node_modules/react-native-vector-icons/Fonts/Entypo.ttf",
				"${PODS_ROOT}/../../node_modules/react-native-vector-icons/Fonts/EvilIcons.ttf",
				"${PODS_ROOT}/../../node_modules/react-native-vector-icons/Fonts/Feather.ttf",
				"${PODS_ROOT}/../../node_modules/react-native-vector-icons/Fonts/FontAwesome.ttf",
				"${PODS_ROOT}/../../node_modules/react-native-vector-icons/Fonts/FontAwesome5_Brands.ttf",
				"${PODS_ROOT}/../../node_modules/react-native-vector-icons/Fonts/FontAwesome5_Regular.ttf",
				"${PODS_ROOT}/../../node_modules/react-native-vector-icons/Fonts/FontAwesome5_Solid.ttf",
				"${PODS_ROOT}/../../node_modules/react-native-vector-icons/Fonts/Fontisto.ttf",
				"${PODS_ROOT}/../../node_modules/react-native-vector-icons/Fonts/Foundation.ttf",
				"${PODS_ROOT}/../../node_modules/react-native-vector-icons/Fonts/Ionicons.ttf",
				"${PODS_ROOT}/../../node_modules/react-native-vector-icons/Fonts/MaterialCommunityIcons.ttf",
				"${PODS_ROOT}/../../node_modules/react-native-vector-icons/Fonts/MaterialIcons.ttf",
				"${PODS_ROOT}/../../node_modules/react-native-vector-icons/Fonts/Octicons.ttf",
				"${PODS_ROOT}/../../node_modules/react-native-vector-icons/Fonts/SimpleLineIcons.ttf",
				"${PODS_ROOT}/../../node_modules/react-native-vector-icons/Fonts/Zocial.ttf",
				"${PODS_CONFIGURATION_BUILD_DIR}/React-Core/AccessibilityResources.bundle",
			);
			name = "[CP] Copy Pods Resources";
			outputPaths = (
				"${TARGET_BUILD_DIR}/${UNLOCALIZED_RESOURCES_FOLDER_PATH}/AntDesign.ttf",
				"${TARGET_BUILD_DIR}/${UNLOCALIZED_RESOURCES_FOLDER_PATH}/Entypo.ttf",
				"${TARGET_BUILD_DIR}/${UNLOCALIZED_RESOURCES_FOLDER_PATH}/EvilIcons.ttf",
				"${TARGET_BUILD_DIR}/${UNLOCALIZED_RESOURCES_FOLDER_PATH}/Feather.ttf",
				"${TARGET_BUILD_DIR}/${UNLOCALIZED_RESOURCES_FOLDER_PATH}/FontAwesome.ttf",
				"${TARGET_BUILD_DIR}/${UNLOCALIZED_RESOURCES_FOLDER_PATH}/FontAwesome5_Brands.ttf",
				"${TARGET_BUILD_DIR}/${UNLOCALIZED_RESOURCES_FOLDER_PATH}/FontAwesome5_Regular.ttf",
				"${TARGET_BUILD_DIR}/${UNLOCALIZED_RESOURCES_FOLDER_PATH}/FontAwesome5_Solid.ttf",
				"${TARGET_BUILD_DIR}/${UNLOCALIZED_RESOURCES_FOLDER_PATH}/Fontisto.ttf",
				"${TARGET_BUILD_DIR}/${UNLOCALIZED_RESOURCES_FOLDER_PATH}/Foundation.ttf",
				"${TARGET_BUILD_DIR}/${UNLOCALIZED_RESOURCES_FOLDER_PATH}/Ionicons.ttf",
				"${TARGET_BUILD_DIR}/${UNLOCALIZED_RESOURCES_FOLDER_PATH}/MaterialCommunityIcons.ttf",
				"${TARGET_BUILD_DIR}/${UNLOCALIZED_RESOURCES_FOLDER_PATH}/MaterialIcons.ttf",
				"${TARGET_BUILD_DIR}/${UNLOCALIZED_RESOURCES_FOLDER_PATH}/Octicons.ttf",
				"${TARGET_BUILD_DIR}/${UNLOCALIZED_RESOURCES_FOLDER_PATH}/SimpleLineIcons.ttf",
				"${TARGET_BUILD_DIR}/${UNLOCALIZED_RESOURCES_FOLDER_PATH}/Zocial.ttf",
				"${TARGET_BUILD_DIR}/${UNLOCALIZED_RESOURCES_FOLDER_PATH}/AccessibilityResources.bundle",
			);
			runOnlyForDeploymentPostprocessing = 0;
			shellPath = /bin/sh;
			shellScript = "\"${PODS_ROOT}/Target Support Files/Pods-solxr/Pods-solxr-resources.sh\"\n";
			showEnvVarsInLog = 0;
		};
		99911738BD963BDB62762897 /* [CP] Embed Pods Frameworks */ = {
			isa = PBXShellScriptBuildPhase;
			buildActionMask = 2147483647;
			files = (
			);
			inputPaths = (
				"${PODS_ROOT}/Target Support Files/Pods-solxr/Pods-solxr-frameworks.sh",
				"${PODS_ROOT}/../../node_modules/react-viro/ios/dist/ViroRenderer/static_lib/ViroKit_static_lib.framework",
			);
			name = "[CP] Embed Pods Frameworks";
			outputPaths = (
				"${TARGET_BUILD_DIR}/${FRAMEWORKS_FOLDER_PATH}/ViroKit_static_lib.framework",
			);
			runOnlyForDeploymentPostprocessing = 0;
			shellPath = /bin/sh;
			shellScript = "\"${PODS_ROOT}/Target Support Files/Pods-solxr/Pods-solxr-frameworks.sh\"\n";
			showEnvVarsInLog = 0;
		};
		FD10A7F022414F080027D42C /* Start Packager */ = {
			isa = PBXShellScriptBuildPhase;
			buildActionMask = 2147483647;
			files = (
			);
			inputFileListPaths = (
			);
			inputPaths = (
			);
			name = "Start Packager";
			outputFileListPaths = (
			);
			outputPaths = (
			);
			runOnlyForDeploymentPostprocessing = 0;
			shellPath = /bin/sh;
			shellScript = "export RCT_METRO_PORT=\"${RCT_METRO_PORT:=8081}\"\necho \"export RCT_METRO_PORT=${RCT_METRO_PORT}\" > \"${SRCROOT}/../node_modules/react-native/scripts/.packager.env\"\nif [ -z \"${RCT_NO_LAUNCH_PACKAGER+xxx}\" ] ; then\n  if nc -w 5 -z localhost ${RCT_METRO_PORT} ; then\n    if ! curl -s \"http://localhost:${RCT_METRO_PORT}/status\" | grep -q \"packager-status:running\" ; then\n      echo \"Port ${RCT_METRO_PORT} already in use, packager is either not running or not running correctly\"\n      exit 2\n    fi\n  else\n    open \"$SRCROOT/../node_modules/react-native/scripts/launchPackager.command\" || echo \"Can't start packager automatically\"\n  fi\nfi\n";
			showEnvVarsInLog = 0;
		};
/* End PBXShellScriptBuildPhase section */

/* Begin PBXSourcesBuildPhase section */
		13B07F871A680F5B00A75B9A /* Sources */ = {
			isa = PBXSourcesBuildPhase;
			buildActionMask = 2147483647;
			files = (
				13B07FBC1A68108700A75B9A /* AppDelegate.m in Sources */,
				13B07FC11A68108700A75B9A /* main.m in Sources */,
			);
			runOnlyForDeploymentPostprocessing = 0;
		};
/* End PBXSourcesBuildPhase section */

/* Begin PBXVariantGroup section */
		13B07FB11A68108700A75B9A /* LaunchScreen.xib */ = {
			isa = PBXVariantGroup;
			children = (
				13B07FB21A68108700A75B9A /* Base */,
			);
			name = LaunchScreen.xib;
			path = solxr;
			sourceTree = "<group>";
		};
/* End PBXVariantGroup section */

/* Begin XCBuildConfiguration section */
		13B07F941A680F5B00A75B9A /* Debug */ = {
			isa = XCBuildConfiguration;
			baseConfigurationReference = 6C2E3173556A471DD304B334 /* Pods-solxr.debug.xcconfig */;
			buildSettings = {
				ASSETCATALOG_COMPILER_APPICON_NAME = AppIcon;
				CLANG_ENABLE_MODULES = YES;
				CURRENT_PROJECT_VERSION = 1;
				DEVELOPMENT_TEAM = 9Q2Z8XNFLD;
				ENABLE_BITCODE = NO;
				"EXCLUDED_ARCHS[sdk=iphonesimulator*]" = arm64;
				GCC_PREPROCESSOR_DEFINITIONS = (
					"$(inherited)",
					"FB_SONARKIT_ENABLED=1",
				);
				INFOPLIST_FILE = solxr/Info.plist;
				IPHONEOS_DEPLOYMENT_TARGET = 12.0;
				LD_RUNPATH_SEARCH_PATHS = "$(inherited) @executable_path/Frameworks";
				OTHER_LDFLAGS = (
					"$(inherited)",
					"-ObjC",
					"-lc++",
				);
				PRODUCT_BUNDLE_IDENTIFIER = org.name.solxr6;
				PRODUCT_NAME = solxr;
				SWIFT_OPTIMIZATION_LEVEL = "-Onone";
				SWIFT_VERSION = 5.0;
				VERSIONING_SYSTEM = "apple-generic";
			};
			name = Debug;
		};
		13B07F951A680F5B00A75B9A /* Release */ = {
			isa = XCBuildConfiguration;
			baseConfigurationReference = 7A4D352CD337FB3A3BF06240 /* Pods-solxr.release.xcconfig */;
			buildSettings = {
				ASSETCATALOG_COMPILER_APPICON_NAME = AppIcon;
				CLANG_ENABLE_MODULES = YES;
				CURRENT_PROJECT_VERSION = 1;
				DEVELOPMENT_TEAM = 9Q2Z8XNFLD;
				"EXCLUDED_ARCHS[sdk=iphonesimulator*]" = arm64;
				INFOPLIST_FILE = solxr/Info.plist;
				IPHONEOS_DEPLOYMENT_TARGET = 12.0;
				LD_RUNPATH_SEARCH_PATHS = "$(inherited) @executable_path/Frameworks";
				OTHER_LDFLAGS = (
					"$(inherited)",
					"-ObjC",
					"-lc++",
				);
				PRODUCT_BUNDLE_IDENTIFIER = org.name.solxr6;
				PRODUCT_NAME = solxr;
				SWIFT_VERSION = 5.0;
				VERSIONING_SYSTEM = "apple-generic";
			};
			name = Release;
		};
		83CBBA201A601CBA00E9B192 /* Debug */ = {
			isa = XCBuildConfiguration;
			buildSettings = {
				ALWAYS_SEARCH_USER_PATHS = NO;
				CLANG_ANALYZER_LOCALIZABILITY_NONLOCALIZED = YES;
				CLANG_CXX_LANGUAGE_STANDARD = "gnu++0x";
				CLANG_CXX_LIBRARY = "libc++";
				CLANG_ENABLE_MODULES = YES;
				CLANG_ENABLE_OBJC_ARC = YES;
				CLANG_WARN_BLOCK_CAPTURE_AUTORELEASING = YES;
				CLANG_WARN_BOOL_CONVERSION = YES;
				CLANG_WARN_COMMA = YES;
				CLANG_WARN_CONSTANT_CONVERSION = YES;
				CLANG_WARN_DEPRECATED_OBJC_IMPLEMENTATIONS = YES;
				CLANG_WARN_DIRECT_OBJC_ISA_USAGE = YES_ERROR;
				CLANG_WARN_EMPTY_BODY = YES;
				CLANG_WARN_ENUM_CONVERSION = YES;
				CLANG_WARN_INFINITE_RECURSION = YES;
				CLANG_WARN_INT_CONVERSION = YES;
				CLANG_WARN_NON_LITERAL_NULL_CONVERSION = YES;
				CLANG_WARN_OBJC_IMPLICIT_RETAIN_SELF = YES;
				CLANG_WARN_OBJC_LITERAL_CONVERSION = YES;
				CLANG_WARN_OBJC_ROOT_CLASS = YES_ERROR;
				CLANG_WARN_QUOTED_INCLUDE_IN_FRAMEWORK_HEADER = YES;
				CLANG_WARN_RANGE_LOOP_ANALYSIS = YES;
				CLANG_WARN_STRICT_PROTOTYPES = YES;
				CLANG_WARN_SUSPICIOUS_MOVE = YES;
				CLANG_WARN_UNREACHABLE_CODE = YES;
				CLANG_WARN__DUPLICATE_METHOD_MATCH = YES;
				"CODE_SIGN_IDENTITY[sdk=iphoneos*]" = "iPhone Developer";
				COPY_PHASE_STRIP = NO;
				ENABLE_STRICT_OBJC_MSGSEND = YES;
				ENABLE_TESTABILITY = YES;
				GCC_C_LANGUAGE_STANDARD = gnu99;
				GCC_DYNAMIC_NO_PIC = NO;
				GCC_NO_COMMON_BLOCKS = YES;
				GCC_OPTIMIZATION_LEVEL = 0;
				GCC_PREPROCESSOR_DEFINITIONS = (
					"DEBUG=1",
					"$(inherited)",
				);
				GCC_SYMBOLS_PRIVATE_EXTERN = NO;
				GCC_WARN_64_TO_32_BIT_CONVERSION = YES;
				GCC_WARN_ABOUT_RETURN_TYPE = YES_ERROR;
				GCC_WARN_UNDECLARED_SELECTOR = YES;
				GCC_WARN_UNINITIALIZED_AUTOS = YES_AGGRESSIVE;
				GCC_WARN_UNUSED_FUNCTION = YES;
				GCC_WARN_UNUSED_VARIABLE = YES;
				IPHONEOS_DEPLOYMENT_TARGET = 12.0;
				LD_RUNPATH_SEARCH_PATHS = "/usr/lib/swift $(inherited)";
				LIBRARY_SEARCH_PATHS = (
					"\"$(TOOLCHAIN_DIR)/usr/lib/swift/$(PLATFORM_NAME)\"",
					"\"$(TOOLCHAIN_DIR)/usr/lib/swift-5.0/$(PLATFORM_NAME)\"",
					"\"$(inherited)\"",
				);
				MTL_ENABLE_DEBUG_INFO = YES;
				ONLY_ACTIVE_ARCH = YES;
				SDKROOT = iphoneos;
			};
			name = Debug;
		};
		83CBBA211A601CBA00E9B192 /* Release */ = {
			isa = XCBuildConfiguration;
			buildSettings = {
				ALWAYS_SEARCH_USER_PATHS = NO;
				CLANG_ANALYZER_LOCALIZABILITY_NONLOCALIZED = YES;
				CLANG_CXX_LANGUAGE_STANDARD = "gnu++0x";
				CLANG_CXX_LIBRARY = "libc++";
				CLANG_ENABLE_MODULES = YES;
				CLANG_ENABLE_OBJC_ARC = YES;
				CLANG_WARN_BLOCK_CAPTURE_AUTORELEASING = YES;
				CLANG_WARN_BOOL_CONVERSION = YES;
				CLANG_WARN_COMMA = YES;
				CLANG_WARN_CONSTANT_CONVERSION = YES;
				CLANG_WARN_DEPRECATED_OBJC_IMPLEMENTATIONS = YES;
				CLANG_WARN_DIRECT_OBJC_ISA_USAGE = YES_ERROR;
				CLANG_WARN_EMPTY_BODY = YES;
				CLANG_WARN_ENUM_CONVERSION = YES;
				CLANG_WARN_INFINITE_RECURSION = YES;
				CLANG_WARN_INT_CONVERSION = YES;
				CLANG_WARN_NON_LITERAL_NULL_CONVERSION = YES;
				CLANG_WARN_OBJC_IMPLICIT_RETAIN_SELF = YES;
				CLANG_WARN_OBJC_LITERAL_CONVERSION = YES;
				CLANG_WARN_OBJC_ROOT_CLASS = YES_ERROR;
				CLANG_WARN_QUOTED_INCLUDE_IN_FRAMEWORK_HEADER = YES;
				CLANG_WARN_RANGE_LOOP_ANALYSIS = YES;
				CLANG_WARN_STRICT_PROTOTYPES = YES;
				CLANG_WARN_SUSPICIOUS_MOVE = YES;
				CLANG_WARN_UNREACHABLE_CODE = YES;
				CLANG_WARN__DUPLICATE_METHOD_MATCH = YES;
				"CODE_SIGN_IDENTITY[sdk=iphoneos*]" = "iPhone Developer";
				COPY_PHASE_STRIP = YES;
				ENABLE_NS_ASSERTIONS = NO;
				ENABLE_STRICT_OBJC_MSGSEND = YES;
				GCC_C_LANGUAGE_STANDARD = gnu99;
				GCC_NO_COMMON_BLOCKS = YES;
				GCC_WARN_64_TO_32_BIT_CONVERSION = YES;
				GCC_WARN_ABOUT_RETURN_TYPE = YES_ERROR;
				GCC_WARN_UNDECLARED_SELECTOR = YES;
				GCC_WARN_UNINITIALIZED_AUTOS = YES_AGGRESSIVE;
				GCC_WARN_UNUSED_FUNCTION = YES;
				GCC_WARN_UNUSED_VARIABLE = YES;
				IPHONEOS_DEPLOYMENT_TARGET = 12.0;
				LD_RUNPATH_SEARCH_PATHS = "/usr/lib/swift $(inherited)";
				LIBRARY_SEARCH_PATHS = (
					"\"$(TOOLCHAIN_DIR)/usr/lib/swift/$(PLATFORM_NAME)\"",
					"\"$(TOOLCHAIN_DIR)/usr/lib/swift-5.0/$(PLATFORM_NAME)\"",
					"\"$(inherited)\"",
				);
				MTL_ENABLE_DEBUG_INFO = NO;
				SDKROOT = iphoneos;
				VALIDATE_PRODUCT = YES;
			};
			name = Release;
		};
/* End XCBuildConfiguration section */

/* Begin XCConfigurationList section */
		13B07F931A680F5B00A75B9A /* Build configuration list for PBXNativeTarget "solxr" */ = {
			isa = XCConfigurationList;
			buildConfigurations = (
				13B07F941A680F5B00A75B9A /* Debug */,
				13B07F951A680F5B00A75B9A /* Release */,
			);
			defaultConfigurationIsVisible = 0;
			defaultConfigurationName = Release;
		};
		83CBB9FA1A601CBA00E9B192 /* Build configuration list for PBXProject "solxr" */ = {
			isa = XCConfigurationList;
			buildConfigurations = (
				83CBBA201A601CBA00E9B192 /* Debug */,
				83CBBA211A601CBA00E9B192 /* Release */,
			);
			defaultConfigurationIsVisible = 0;
			defaultConfigurationName = Release;
		};
/* End XCConfigurationList section */
	};
	rootObject = 83CBB9F71A601CBA00E9B192 /* Project object */;
}
